{
  "name": "socket-server",
  "version": "0.0.1",
  "lockfileVersion": 3,
  "requires": true,
  "packages": {
    "": {
      "name": "socket-server",
      "version": "0.0.1",
      "license": "ISC",
      "dependencies": {
        "uWebSockets.js": "github:uNetworking/uWebSockets.js#v20.47.0"
      }
    },
    "node_modules/uWebSockets.js": {
      "version": "20.47.0",
      "resolved": "git+ssh://git@github.com/uNetworking/uWebSockets.js.git#6f4b450fc642abba540535f0755c990b42a16026",
      "license": "Apache-2.0"
    }
  }
}
